#MicroXplorer Configuration settings - do not modify
PH0-OSC_IN.Signal=RCC_OSC_IN
USART2.IPParameters=VirtualMode,BaudRate
SPI3.Direction=SPI_DIRECTION_2LINES
SPI3.VirtualType=VM_MASTER
PE11.GPIOParameters=GPIO_Speed,GPIO_Label
SPI1.VirtualType=VM_MASTER
SPI2.VirtualType=VM_MASTER
PB10.Mode=Asynchronous
Dma.DAC1.1.RequestParameters=Instance,Direction,PeriphInc,MemInc,PeriphDataAlignment,MemDataAlignment,Mode,Priority,FIFOMode
PG8.Signal=GPIO_Output
PG8.Locked=true
RCC.PLLCLKFreq_Value=168000000
PC12.Signal=SPI3_MOSI
RCC.PLLQCLKFreq_Value=84000000
PC7.Locked=true
RCC.RTCFreq_Value=32000
Dma.SPI3_RX.2.Direction=DMA_PERIPH_TO_MEMORY
PD0.Locked=true
PG14.GPIOParameters=GPIO_Speed,PinState,GPIO_Label
USART1.IPParameters=VirtualMode,BaudRate
PB13.Signal=SPI2_SCK
PG13.Signal=GPIO_Output
PinOutPanel.RotationAngle=0
PE6.GPIO_Label=DAC8563_SCK
RCC.SYSCLKSource=RCC_SYSCLKSOURCE_PLLCLK
NVIC.SVCall_IRQn=true\:0\:0\:false\:false\:true\:false\:false
USART3.BaudRate=921600
SPI1.Direction=SPI_DIRECTION_2LINES
RCC.APB2TimFreq_Value=168000000
Dma.ADC1.0.Direction=DMA_PERIPH_TO_MEMORY
PC7.Signal=USART6_RX
SPI1.CalculateBaudRate=328.125 KBits/s
PC3.Signal=SPI2_MOSI
PD0.Signal=GPIO_Output
VP_TIM2_VS_ClockSourceINT.Signal=TIM2_VS_ClockSourceINT
Dma.ADC1.0.MemDataAlignment=DMA_MDATAALIGN_HALFWORD
ProjectManager.ProjectBuild=false
PG13.Locked=true
NVIC.UsageFault_IRQn=true\:0\:0\:false\:false\:true\:false\:false
PB3.Mode=Full_Duplex_Master
PD1.GPIOParameters=GPIO_Speed,PinState,GPIO_PuPd,GPIO_Label
PD1.GPIO_Label=ADS8688_HIGH
ProjectManager.FirmwarePackage=STM32Cube FW_F4 V1.26.1
MxDb.Version=DB.6.0.21
PE15.Locked=true
PE0.GPIOParameters=GPIO_PuPd,GPIO_Label
ProjectManager.BackupPrevious=false
DAC.DAC_Trigger=DAC_TRIGGER_T6_TRGO
PD1.GPIO_Speed=GPIO_SPEED_FREQ_MEDIUM
PE9.Signal=GPIO_Output
PE9.Locked=true
Dma.ADC1.0.PeriphInc=DMA_PINC_DISABLE
SPI1.DataSize=SPI_DATASIZE_8BIT
PE4.GPIO_Label=DAC8563_SYN
SPI2.CalculateBaudRate=21.0 MBits/s
PE2.Signal=GPIO_Output
PF2.Locked=true
Dma.DAC1.1.Priority=DMA_PRIORITY_LOW
NVIC.PendSV_IRQn=true\:0\:0\:false\:false\:true\:false\:false
DAC.IPParameters=DAC_Trigger
ProjectManager.HalAssertFull=false
RCC.MCO2PinFreq_Value=168000000
Mcu.Package=LQFP144
SPI2.Mode=SPI_MODE_MASTER
SPI3.Mode=SPI_MODE_MASTER
PG13.GPIOParameters=GPIO_Speed,GPIO_Label
SH.COMP_DAC1_group.ConfNb=1
PD12.Signal=S_TIM4_CH1
VP_SYS_VS_Systick.Signal=SYS_VS_Systick
USART3.IPParameters=VirtualMode,BaudRate
PA10.Signal=USART1_RX
PC11.Mode=Full_Duplex_Master
Dma.SPI3_RX.2.PeriphInc=DMA_PINC_DISABLE
PG8.GPIO_Speed=GPIO_SPEED_FREQ_HIGH
RCC.APB2CLKDivider=RCC_HCLK_DIV2
SH.S_TIM4_CH1.0=TIM4_CH1,PWM Generation1 CH1
RCC.APB1TimFreq_Value=84000000
NVIC.BusFault_IRQn=true\:0\:0\:false\:false\:true\:false\:false
Dma.ADC1.0.FIFOMode=DMA_FIFOMODE_DISABLE
PB13.Mode=Full_Duplex_Master
VP_TIM14_VS_ClockSourceINT.Mode=Enable_Timer
PE6.Locked=true
TIM14.IPParameters=Prescaler
PE6.GPIO_Speed=GPIO_SPEED_FREQ_VERY_HIGH
ProjectManager.CustomerFirmwarePackage=
Dma.SPI3_TX.3.Mode=DMA_NORMAL
SH.S_TIM4_CH1.ConfNb=1
ProjectManager.ProjectFileName=Z21H_2.ioc
Dma.ADC1.0.Instance=DMA2_Stream0
PA15.GPIOParameters=GPIO_Speed,PinState,GPIO_Label
Mcu.PinsNb=47
PE11.GPIO_Speed=GPIO_SPEED_FREQ_VERY_HIGH
ADC1.IPParameters=Rank-1\#ChannelRegularConversion,master,Channel-1\#ChannelRegularConversion,SamplingTime-1\#ChannelRegularConversion,NbrOfConversionFlag,DMAContinuousRequests,ContinuousConvMode
PC6.Signal=USART6_TX
PC2.Signal=SPI2_MISO
PD1.Signal=GPIO_Output
SPI1.CLKPhase=SPI_PHASE_2EDGE
PD1.GPIO_PuPd=GPIO_PULLUP
RCC.APB1CLKDivider=RCC_HCLK_DIV4
PG14.Locked=true
PG13.GPIO_Label=LED1
USART2.BaudRate=115200
PA0-WKUP.Signal=ADCx_IN0
PD0.GPIO_Speed=GPIO_SPEED_FREQ_MEDIUM
PG8.GPIO_PuPd=GPIO_PULLUP
VP_TIM6_VS_ClockSourceINT.Signal=TIM6_VS_ClockSourceINT
PA3.Mode=Asynchronous
PA15.Locked=true
Dma.SPI3_TX.3.RequestParameters=Instance,Direction,PeriphInc,MemInc,PeriphDataAlignment,MemDataAlignment,Mode,Priority,FIFOMode
PB11.Mode=Asynchronous
Dma.DAC1.1.Mode=DMA_CIRCULAR
TIM4.IPParameters=Channel-PWM Generation1 CH1
PC6.Mode=Asynchronous
PC6.Locked=true
Dma.ADC1.0.Priority=DMA_PRIORITY_LOW
PA9.Signal=USART1_TX
PB5.Locked=true
PE9.GPIO_Label=AD9959_SCK
Mcu.Pin46=VP_TIM14_VS_ClockSourceINT
PB10.Signal=USART3_TX
Mcu.Pin40=VP_TIM2_VS_ClockSourceINT
Mcu.Pin41=VP_TIM3_VS_ClockSourceINT
PE13.GPIOParameters=GPIO_Speed,GPIO_Label
PC12.Mode=Full_Duplex_Master
Mcu.Pin44=VP_TIM7_VS_ClockSourceINT
Mcu.Pin45=VP_TIM13_VS_ClockSourceINT
Mcu.Pin42=VP_TIM4_VS_ClockSourceINT
Mcu.Pin43=VP_TIM6_VS_ClockSourceINT
Dma.SPI3_TX.3.FIFOMode=DMA_FIFOMODE_DISABLE
ProjectManager.LastFirmware=false
NVIC.TIM3_IRQn=true\:3\:0\:true\:false\:true\:true\:false
PF2.GPIOParameters=GPIO_Speed,GPIO_Label
VP_TIM13_VS_ClockSourceINT.Mode=Enable_Timer
Dma.SPI3_TX.3.Direction=DMA_MEMORY_TO_PERIPH
PE7.GPIO_Speed=GPIO_SPEED_FREQ_VERY_HIGH
PE15.Signal=GPIO_Output
Mcu.Pin37=PB5
Mcu.Pin38=PE0
Mcu.Pin35=PB3
Mcu.Pin36=PB4
SPI1.Mode=SPI_MODE_MASTER
SH.ADCx_IN0.ConfNb=1
Mcu.Pin39=VP_SYS_VS_Systick
Mcu.Pin30=PC12
RCC.EthernetFreq_Value=168000000
TIM3.IPParameters=Period
Mcu.Pin33=PG13
Mcu.Pin34=PG14
Mcu.Pin31=PD0
Mcu.Pin32=PD1
PA9.Locked=true
NVIC.NonMaskableInt_IRQn=true\:0\:0\:false\:false\:true\:false\:false
ADC1.DMAContinuousRequests=ENABLE
PE7.Locked=true
PG14.GPIO_Label=LED2
Dma.DAC1.1.FIFOMode=DMA_FIFOMODE_DISABLE
ProjectManager.FreePins=false
Mcu.Pin26=PA10
Mcu.Pin27=PA15
RCC.RTCHSEDivFreq_Value=4000000
TIM14.Prescaler=0
Mcu.Pin24=PC7
ProjectManager.UnderRoot=true
PE13.Locked=true
Mcu.Pin25=PA9
Mcu.Pin28=PC10
Mcu.Pin29=PC11
PB4.Locked=true
ADC1.SamplingTime-1\#ChannelRegularConversion=ADC_SAMPLETIME_3CYCLES
PA4.Signal=COMP_DAC1_group
Mcu.Pin22=PG8
PB5.Signal=SPI1_MOSI
Mcu.Pin23=PC6
Mcu.Pin20=PB13
ADC1.master=1
PA3.Locked=true
PE13.GPIO_Label=AD9959_UP
Mcu.Pin21=PD12
PA10.Locked=true
NVIC.ForceEnableDMAVector=false
Dma.DAC1.1.Instance=DMA1_Stream5
NVIC.MemoryManagement_IRQn=true\:0\:0\:false\:false\:true\:false\:false
USART1.VirtualMode=VM_ASYNC
ProjectManager.CompilerOptimize=6
ADC1.Rank-1\#ChannelRegularConversion=1
PD1.PinState=GPIO_PIN_SET
ProjectManager.HeapSize=0x200
Mcu.Pin15=PE11
NVIC.HardFault_IRQn=true\:0\:0\:false\:false\:true\:false\:false
Mcu.Pin16=PE13
Mcu.Pin13=PE7
Mcu.Pin14=PE9
Mcu.Pin19=PB11
ProjectManager.ComputerToolchain=false
Mcu.Pin17=PE15
Mcu.Pin18=PB10
VP_TIM4_VS_ClockSourceINT.Mode=Internal
NVIC.PriorityGroup=NVIC_PRIORITYGROUP_4
Mcu.Pin11=PA3
PD0.GPIOParameters=GPIO_Speed,PinState,GPIO_Label
PE15.GPIO_Speed=GPIO_SPEED_FREQ_VERY_HIGH
Mcu.Pin12=PA4
PF0.GPIO_Label=DAC8563_DIN
Mcu.Pin10=PA2
Dma.SPI3_TX.3.Instance=DMA1_Stream7
PE2.Locked=true
PD1.Locked=true
Mcu.Family=STM32F4
NVIC.USART3_IRQn=true\:0\:0\:false\:false\:true\:true\:true
PC3.Mode=Full_Duplex_Master
ProjectManager.MainLocation=Core/Src
RCC.CortexFreq_Value=168000000
ProjectManager.KeepUserCode=true
Mcu.UserName=STM32F407ZGTx
Dma.SPI3_TX.3.MemDataAlignment=DMA_MDATAALIGN_HALFWORD
ADC1.ContinuousConvMode=ENABLE
PE11.GPIO_Label=AD9959_CS
USART1.BaudRate=921600
Dma.SPI3_RX.2.Instance=DMA1_Stream0
PC10.Signal=SPI3_SCK
PF0.GPIOParameters=GPIO_Speed,GPIO_Label
Dma.DAC1.1.PeriphInc=DMA_PINC_DISABLE
ProjectManager.functionlistsort=1-MX_GPIO_Init-GPIO-false-HAL-true,2-MX_DMA_Init-DMA-false-HAL-true,3-SystemClock_Config-RCC-false-HAL-false,4-MX_SPI3_Init-SPI3-false-HAL-true,5-MX_TIM7_Init-TIM7-false-HAL-true,6-MX_USART1_UART_Init-USART1-false-HAL-true,7-MX_USART2_UART_Init-USART2-false-HAL-true,8-MX_USART3_UART_Init-USART3-false-HAL-true,9-MX_USART6_UART_Init-USART6-false-HAL-true,10-MX_SPI1_Init-SPI1-false-HAL-true,11-MX_TIM3_Init-TIM3-false-HAL-true,12-MX_ADC1_Init-ADC1-false-HAL-true,13-MX_DAC_Init-DAC-false-HAL-true,14-MX_TIM6_Init-TIM6-false-HAL-true,15-MX_TIM2_Init-TIM2-false-HAL-true,16-MX_TIM14_Init-TIM14-false-HAL-true,17-MX_SPI2_Init-SPI2-false-HAL-true,18-MX_TIM13_Init-TIM13-false-HAL-true
PE2.GPIO_Speed=GPIO_SPEED_FREQ_VERY_HIGH
PD0.GPIO_Label=ADS8688_daisi
PE9.GPIO_Speed=GPIO_SPEED_FREQ_VERY_HIGH
PB11.Signal=USART3_RX
PF2.GPIO_Speed=GPIO_SPEED_FREQ_VERY_HIGH
Dma.SPI3_RX.2.PeriphDataAlignment=DMA_PDATAALIGN_HALFWORD
ProjectManager.StackSize=0x400
VP_TIM7_VS_ClockSourceINT.Mode=Enable_Timer
Mcu.IP4=RCC
RCC.FCLKCortexFreq_Value=168000000
Mcu.IP5=SPI1
Mcu.IP2=DMA
Mcu.IP3=NVIC
PA15.GPIO_Label=SPI3_CS
Mcu.IP0=ADC1
PG14.PinState=GPIO_PIN_SET
Mcu.IP1=DAC
PE4.GPIOParameters=GPIO_Speed,GPIO_Label
SPI1.CLKPolarity=SPI_POLARITY_HIGH
Mcu.UserConstants=
Mcu.ThirdPartyNb=0
RCC.HCLKFreq_Value=168000000
Mcu.IPNb=20
RCC.I2SClocksFreq_Value=192000000
ProjectManager.PreviousToolchain=
TIM3.Period=13124
RCC.VcooutputI2S=192000000
PG8.GPIOParameters=GPIO_Speed,PinState,GPIO_PuPd,GPIO_Label
Mcu.Pin6=PH1-OSC_OUT
TIM7.Period=9999
Mcu.Pin7=PC2
Mcu.Pin8=PC3
Mcu.Pin9=PA0-WKUP
RCC.AHBFreq_Value=168000000
PH0-OSC_IN.Mode=HSE-External-Oscillator
Mcu.Pin0=PE2
SPI3.DataSize=SPI_DATASIZE_16BIT
Mcu.Pin1=PE4
GPIO.groupedBy=Group By Peripherals
Mcu.Pin2=PE6
Mcu.Pin3=PF0
Mcu.Pin4=PF2
Mcu.Pin5=PH0-OSC_IN
RCC.HSE_VALUE=8000000
Dma.SPI3_TX.3.PeriphInc=DMA_PINC_DISABLE
NVIC.DebugMonitor_IRQn=true\:0\:0\:false\:false\:true\:false\:false
Mcu.IP10=TIM3
NVIC.SysTick_IRQn=true\:0\:0\:false\:false\:true\:false\:true
Mcu.IP12=TIM6
Mcu.IP11=TIM4
Mcu.IP18=USART3
Mcu.IP17=USART2
Mcu.IP19=USART6
VP_TIM7_VS_ClockSourceINT.Signal=TIM7_VS_ClockSourceINT
Dma.SPI3_TX.3.Priority=DMA_PRIORITY_VERY_HIGH
Mcu.IP14=TIM13
PB4.Mode=Full_Duplex_Master
Mcu.IP13=TIM7
PE13.Signal=GPIO_Output
Mcu.IP16=USART1
Mcu.IP15=TIM14
RCC.VCOInputFreq_Value=2000000
PD0.PinState=GPIO_PIN_SET
PE4.GPIO_Speed=GPIO_SPEED_FREQ_VERY_HIGH
PB5.Mode=Full_Duplex_Master
File.Version=6
Dma.DAC1.1.PeriphDataAlignment=DMA_PDATAALIGN_HALFWORD
SH.ADCx_IN0.0=ADC1_IN0,IN0
TIM6.Period=9
PE4.Signal=GPIO_Output
PE6.GPIOParameters=GPIO_Speed,GPIO_Label
Dma.RequestsNb=4
Dma.SPI3_RX.2.FIFOMode=DMA_FIFOMODE_DISABLE
ProjectManager.ProjectName=Z21H_2
NVIC.DMA1_Stream7_IRQn=true\:4\:0\:true\:false\:true\:true\:true
Dma.DAC1.1.Direction=DMA_MEMORY_TO_PERIPH
PH1-OSC_OUT.Mode=HSE-External-Oscillator
USART2.VirtualMode=VM_ASYNC
USART6.VirtualMode=VM_ASYNC
ProjectManager.ToolChainLocation=
RCC.LSI_VALUE=32000
PA15.Signal=GPIO_Output
VP_TIM13_VS_ClockSourceINT.Signal=TIM13_VS_ClockSourceINT
USART6.BaudRate=115200
PE0.GPIO_Label=triggerInput
Dma.SPI3_RX.2.Priority=DMA_PRIORITY_VERY_HIGH
PG8.PinState=GPIO_PIN_SET
Dma.Request2=SPI3_RX
Dma.Request1=DAC1
Dma.Request3=SPI3_TX
NVIC.DMA1_Stream0_IRQn=true\:4\:0\:true\:false\:true\:true\:true
SPI3.IPParameters=VirtualType,Mode,Direction,CalculateBaudRate,DataSize,CLKPhase,CRCCalculation,BaudRatePrescaler
PG13.GPIO_Speed=GPIO_SPEED_FREQ_HIGH
SPI2.Direction=SPI_DIRECTION_2LINES
PF0.Signal=GPIO_Output
PE7.Signal=GPIO_Output
SPI3.CRCCalculation=SPI_CRCCALCULATION_DISABLE
Dma.Request0=ADC1
SPI1.BaudRatePrescaler=SPI_BAUDRATEPRESCALER_256
Dma.DAC1.1.MemDataAlignment=DMA_MDATAALIGN_HALFWORD
PE2.GPIO_Label=DAC8563_CLR
NVIC.TIM7_IRQn=true\:2\:0\:true\:false\:true\:true\:false
VP_TIM3_VS_ClockSourceINT.Mode=Internal
PB3.Locked=true
PB4.Signal=SPI1_MISO
PA3.Signal=USART2_RX
PA2.Locked=true
PE0.GPIO_PuPd=GPIO_PULLDOWN
Dma.SPI3_TX.3.MemInc=DMA_MINC_ENABLE
RCC.PLLSourceVirtual=RCC_PLLSOURCE_HSE
TIM4.Channel-PWM\ Generation1\ CH1=TIM_CHANNEL_1
SH.COMP_DAC1_group.0=DAC_OUT1,DAC_OUT1
Dma.SPI3_RX.2.RequestParameters=Instance,Direction,PeriphInc,MemInc,PeriphDataAlignment,MemDataAlignment,Mode,Priority,FIFOMode
PA10.Mode=Asynchronous
VP_TIM14_VS_ClockSourceINT.Signal=TIM14_VS_ClockSourceINT
ProjectManager.NoMain=false
SPI1.IPParameters=VirtualType,Mode,Direction,CalculateBaudRate,DataSize,BaudRatePrescaler,CLKPolarity,CLKPhase
USART6.IPParameters=VirtualMode,BaudRate
PC11.Signal=SPI3_MISO
TIM6.Prescaler=83
PC10.Mode=Full_Duplex_Master
VP_TIM6_VS_ClockSourceINT.Mode=Enable_Timer
ProjectManager.DefaultFWLocation=true
PC2.Mode=Full_Duplex_Master
ProjectManager.DeletePrevious=true
PB10.Locked=true
NVIC.USART2_IRQn=true\:0\:0\:false\:false\:true\:true\:true
RCC.FamilyName=M
NVIC.USART6_IRQn=true\:1\:0\:true\:false\:true\:true\:true
PE15.GPIOParameters=GPIO_Speed,GPIO_Label
PE9.GPIOParameters=GPIO_Speed,GPIO_Label
PF0.GPIO_Speed=GPIO_SPEED_FREQ_VERY_HIGH
Dma.DAC1.1.MemInc=DMA_MINC_ENABLE
PG8.GPIO_Label=SPI1_CS
Dma.ADC1.0.PeriphDataAlignment=DMA_PDATAALIGN_HALFWORD
PA9.Mode=Asynchronous
TIM6.IPParameters=Prescaler,Period,TIM_MasterOutputTrigger
PE15.GPIO_Label=AD9959_RST
VP_TIM4_VS_ClockSourceINT.Signal=TIM4_VS_ClockSourceINT
ProjectManager.TargetToolchain=STM32CubeIDE
PE7.GPIOParameters=GPIO_Speed,GPIO_Label
Dma.ADC1.0.Mode=DMA_CIRCULAR
ADC1.Channel-1\#ChannelRegularConversion=ADC_CHANNEL_0
PE4.Locked=true
SPI2.IPParameters=VirtualType,Mode,Direction,CalculateBaudRate
PF2.Signal=GPIO_Output
PE2.GPIOParameters=GPIO_Speed,GPIO_Label
ProjectManager.RegisterCallBack=
PE0.Locked=true
VP_TIM3_VS_ClockSourceINT.Signal=TIM3_VS_ClockSourceINT
PE11.Signal=GPIO_Output
RCC.LSE_VALUE=32768
RCC.VCOI2SOutputFreq_Value=384000000
PG14.Signal=GPIO_Output
TIM7.Prescaler=8399
board=custom
SPI3.CLKPhase=SPI_PHASE_2EDGE
RCC.VCOOutputFreq_Value=336000000
Dma.ADC1.0.RequestParameters=Instance,Direction,PeriphInc,MemInc,PeriphDataAlignment,MemDataAlignment,Mode,Priority,FIFOMode
PA15.PinState=GPIO_PIN_SET
RCC.APB2Freq_Value=84000000
SPI3.CalculateBaudRate=21.0 MBits/s
TIM7.IPParameters=Prescaler,Period
MxCube.Version=6.2.1
VP_TIM2_VS_ClockSourceINT.Mode=Internal
SPI3.BaudRatePrescaler=SPI_BAUDRATEPRESCALER_2
VP_SYS_VS_Systick.Mode=SysTick
Dma.SPI3_TX.3.PeriphDataAlignment=DMA_PDATAALIGN_HALFWORD
TIM6.TIM_MasterOutputTrigger=TIM_TRGO_UPDATE
PH1-OSC_OUT.Signal=RCC_OSC_OUT
PF0.Locked=true
PE6.Signal=GPIO_Output
RCC.IPParameters=48MHZClocksFreq_Value,AHBFreq_Value,APB1CLKDivider,APB1Freq_Value,APB1TimFreq_Value,APB2CLKDivider,APB2Freq_Value,APB2TimFreq_Value,CortexFreq_Value,EthernetFreq_Value,FCLKCortexFreq_Value,FamilyName,HCLKFreq_Value,HSE_VALUE,HSI_VALUE,I2SClocksFreq_Value,LSE_VALUE,LSI_VALUE,MCO2PinFreq_Value,PLLCLKFreq_Value,PLLM,PLLN,PLLQCLKFreq_Value,PLLSourceVirtual,RTCFreq_Value,RTCHSEDivFreq_Value,SYSCLKFreq_VALUE,SYSCLKSource,VCOI2SOutputFreq_Value,VCOInputFreq_Value,VCOOutputFreq_Value,VcooutputI2S
PE11.Locked=true
Dma.SPI3_RX.2.Mode=DMA_NORMAL
ProjectManager.AskForMigrate=true
Mcu.Name=STM32F407Z(E-G)Tx
PE0.Signal=GPIO_Input
PE7.GPIO_Label=AD9959_SD0
PA2.Signal=USART2_TX
Mcu.IP8=SYS
Mcu.IP9=TIM2
Mcu.IP6=SPI2
Mcu.IP7=SPI3
ProjectManager.CoupleFile=true
RCC.48MHZClocksFreq_Value=84000000
PB3.Signal=SPI1_SCK
RCC.SYSCLKFreq_VALUE=168000000
KeepUserPlacement=false
USART3.VirtualMode=VM_ASYNC
Dma.SPI3_RX.2.MemInc=DMA_MINC_ENABLE
PA15.GPIO_Speed=GPIO_SPEED_FREQ_VERY_HIGH
Dma.ADC1.0.MemInc=DMA_MINC_ENABLE
RCC.HSI_VALUE=16000000
ADC1.NbrOfConversionFlag=1
RCC.PLLM=4
RCC.PLLN=168
PE13.GPIO_Speed=GPIO_SPEED_FREQ_VERY_HIGH
PA2.Mode=Asynchronous
PC7.Mode=Asynchronous
Dma.SPI3_RX.2.MemDataAlignment=DMA_MDATAALIGN_HALFWORD
RCC.APB1Freq_Value=42000000
PG14.GPIO_Speed=GPIO_SPEED_FREQ_HIGH
PB11.Locked=true
ProjectManager.DeviceId=STM32F407ZGTx
ProjectManager.LibraryCopy=1
PF2.GPIO_Label=DAC8563_LD
isbadioc=false
